{
  "version": 4,
  "terraform_version": "1.5.7",
  "serial": 23,
  "lineage": "e5c07203-a12a-68e9-66c2-24a24aef18f2",
  "outputs": {},
  "resources": [
    {
      "mode": "managed",
      "type": "grafana_contact_point",
      "name": "email_alert",
      "provider": "provider[\"registry.terraform.io/grafana/grafana\"]",
      "instances": [
        {
          "schema_version": 0,
          "attributes": {
            "alertmanager": [],
            "dingding": [],
            "disable_provenance": false,
            "discord": [],
            "email": [
              {
                "addresses": [
                  "stigboyeandersen@gmail.com"
                ],
                "disable_resolve_message": false,
                "message": "",
                "settings": {},
                "single_email": false,
                "subject": "",
                "uid": "bem7crqzbgwldc"
              }
            ],
            "googlechat": [],
            "id": "1:email",
            "kafka": [],
            "line": [],
            "name": "email",
            "oncall": [],
            "opsgenie": [],
            "org_id": "1",
            "pagerduty": [],
            "pushover": [],
            "sensugo": [],
            "slack": [],
            "sns": [],
            "teams": [],
            "telegram": [],
            "threema": [],
            "victorops": [],
            "webex": [],
            "webhook": [],
            "wecom": []
          },
          "sensitive_attributes": [],
          "private": "bnVsbA=="
        }
      ]
    },
    {
      "mode": "managed",
      "type": "grafana_folder",
      "name": "alerts",
      "provider": "provider[\"registry.terraform.io/grafana/grafana\"]",
      "instances": [
        {
          "schema_version": 0,
          "attributes": {
            "id": "0:terraform-alerts",
            "org_id": "0",
            "parent_folder_uid": "",
            "prevent_destroy_if_not_empty": false,
            "title": "Terraform Alerts",
            "uid": "terraform-alerts",
            "url": "http://api-prometheus-grafana.local/dashboards/f/terraform-alerts/terraform-alerts"
          },
          "sensitive_attributes": [],
          "private": "bnVsbA=="
        }
      ]
    },
    {
      "mode": "managed",
      "type": "grafana_notification_policy",
      "name": "default_policy",
      "provider": "provider[\"registry.terraform.io/grafana/grafana\"]",
      "instances": [
        {
          "schema_version": 0,
          "attributes": {
            "contact_point": "email",
            "disable_provenance": false,
            "group_by": [
              "alertname"
            ],
            "group_interval": "",
            "group_wait": "",
            "id": "1:policy",
            "org_id": "1",
            "policy": [
              {
                "contact_point": "email",
                "continue": false,
                "group_by": [],
                "group_interval": "",
                "group_wait": "",
                "matcher": [],
                "mute_timings": [],
                "policy": [],
                "repeat_interval": ""
              }
            ],
            "repeat_interval": ""
          },
          "sensitive_attributes": [],
          "private": "bnVsbA==",
          "dependencies": [
            "grafana_contact_point.email_alert"
          ]
        }
      ]
    }
  ],
  "check_results": null
}
